
Microsoft Visual Studio Solution File, Format Version 12.00
# Visual Studio 15
VisualStudioVersion = 15.0.28307.1433
MinimumVisualStudioVersion = 10.0.40219.1
Project("{9A19103F-16F7-4668-BE54-9A1E7A4F7556}") = "blend", "blend.csproj", "{DF6402A0-12E3-458B-B92D-2DDB0DA3D457}"
EndProject
Global
	GlobalSection(SolutionConfigurationPlatforms) = preSolution
		Debug|Any CPU = Debug|Any CPU
		Release|Any CPU = Release|Any CPU
	EndGlobalSection
	GlobalSection(ProjectConfigurationPlatforms) = postSolution
		{DF6402A0-12E3-458B-B92D-2DDB0DA3D457}.Debug|Any CPU.ActiveCfg = Debug|Any CPU
		{DF6402A0-12E3-458B-B92D-2DDB0DA3D457}.Debug|Any CPU.Build.0 = Debug|Any CPU
		{DF6402A0-12E3-458B-B92D-2DDB0DA3D457}.Release|Any CPU.ActiveCfg = Release|Any CPU
		{DF6402A0-12E3-458B-B92D-2DDB0DA3D457}.Release|Any CPU.Build.0 = Release|Any CPU
	EndGlobalSection
	GlobalSection(SolutionProperties) = preSolution
		HideSolutionNode = FALSE
	EndGlobalSection
	GlobalSection(ExtensibilityGlobals) = postSolution
		SolutionGuid = {384F7CEF-0B82-42E3-B912-FE7044481C03}
	EndGlobalSection
EndGlobal
